
Microsoft Visual Studio Solution File, Format Version 12.00
# Visual Studio Version 17
VisualStudioVersion = 17.4.33122.133
MinimumVisualStudioVersion = 10.0.40219.1
Project("{FAE04EC0-301F-11D3-BF4B-00C04F79EFBC}") = "EduWebsite", "EduWebsite.csproj", "{4FECB673-7968-496D-B559-0EA09AB5FFDE}"
EndProject
Global
	GlobalSection(SolutionConfigurationPlatforms) = preSolution
		Debug|Any CPU = Debug|Any CPU
		Release|Any CPU = Release|Any CPU
	EndGlobalSection
	GlobalSection(ProjectConfigurationPlatforms) = postSolution
		{4FECB673-7968-496D-B559-0EA09AB5FFDE}.Debug|Any CPU.ActiveCfg = Debug|Any CPU
		{4FECB673-7968-496D-B559-0EA09AB5FFDE}.Debug|Any CPU.Build.0 = Debug|Any CPU
		{4FECB673-7968-496D-B559-0EA09AB5FFDE}.Release|Any CPU.ActiveCfg = Release|Any CPU
		{4FECB673-7968-496D-B559-0EA09AB5FFDE}.Release|Any CPU.Build.0 = Release|Any CPU
	EndGlobalSection
	GlobalSection(SolutionProperties) = preSolution
		HideSolutionNode = FALSE
	EndGlobalSection
	GlobalSection(ExtensibilityGlobals) = postSolution
		SolutionGuid = {9A58B21A-79AB-4BB8-AD62-F346B069DDE4}
	EndGlobalSection
EndGlobal
